# This file is automatically @generated by Cargo.
# It is not intended for manual editing.
version = 3

[[package]]
name = "bit-iter"
version = "1.1.1"
source = "git+https://github.com/alion02/bit-iter?branch=bitmask#b334e4e1af6026f38e8a71268b34c7ca77b488e7"

[[package]]
name = "breakthrough_anf"
version = "0.1.0"
dependencies = [
 "bit-iter",
 "normform",
]

[[package]]
name = "normform"
version = "0.1.0"
source = "registry+https://github.com/rust-lang/crates.io-index"
checksum = "41c6a079e514a042b1a02850411c1ac619fa720d3eb7178a97a026344670835d"
